# This file is automatically @generated by Cargo.
# It is not intended for manual editing.
version = 3

[[package]]
name = "anyhow"
version = "1.0.75"
source = "registry+https://github.com/rust-lang/crates.io-index"
checksum = "a4668cab20f66d8d020e1fbc0ebe47217433c1b6c8f2040faf858554e394ace6"

[[package]]
name = "genco"
version = "0.17.6"
source = "registry+https://github.com/rust-lang/crates.io-index"
checksum = "3597f99dbe04460775cb349299b9532123980b17d89faeaa2da42658b7767787"
dependencies = [
 "genco-macros",
 "relative-path",
 "smallvec",
]

[[package]]
name = "genco-macros"
version = "0.17.6"
source = "registry+https://github.com/rust-lang/crates.io-index"
checksum = "b029ca4c73c30f813e0e92754515585ccbede98014fb26644cc7488a3833706a"
dependencies = [
 "proc-macro2",
 "quote",
 "syn",
]

[[package]]
name = "genco-test"
version = "0.1.0"
dependencies = [
 "anyhow",
 "genco",
]

[[package]]
name = "proc-macro2"
version = "1.0.67"
source = "registry+https://github.com/rust-lang/crates.io-index"
checksum = "3d433d9f1a3e8c1263d9456598b16fec66f4acc9a74dacffd35c7bb09b3a1328"
dependencies = [
 "unicode-ident",
]

[[package]]
name = "quote"
version = "1.0.33"
source = "registry+https://github.com/rust-lang/crates.io-index"
checksum = "5267fca4496028628a95160fc423a33e8b2e6af8a5302579e322e4b520293cae"
dependencies = [
 "proc-macro2",
]

[[package]]
name = "relative-path"
version = "1.9.0"
source = "registry+https://github.com/rust-lang/crates.io-index"
checksum = "c707298afce11da2efef2f600116fa93ffa7a032b5d7b628aa17711ec81383ca"

[[package]]
name = "smallvec"
version = "1.11.1"
source = "registry+https://github.com/rust-lang/crates.io-index"
checksum = "942b4a808e05215192e39f4ab80813e599068285906cc91aa64f923db842bd5a"

[[package]]
name = "syn"
version = "1.0.109"
source = "registry+https://github.com/rust-lang/crates.io-index"
checksum = "72b64191b275b66ffe2469e8af2c1cfe3bafa67b529ead792a6d0160888b4237"
dependencies = [
 "proc-macro2",
 "quote",
 "unicode-ident",
]

[[package]]
name = "unicode-ident"
version = "1.0.12"
source = "registry+https://github.com/rust-lang/crates.io-index"
checksum = "3354b9ac3fae1ff6755cb6db53683adb661634f67557942dea4facebec0fee4b"
